
Microsoft Visual Studio Solution File, Format Version 12.00
# Visual Studio 15
Project("{FAE04EC0-301F-11D3-BF4B-00C04F79EFBC}") = "TestIconColorXamarin.Android", "TestIconColorXamarin.Android\TestIconColorXamarin.Android.csproj", "{BC4760A3-3544-4410-80FD-0CC864285580}"
EndProject
Project("{FAE04EC0-301F-11D3-BF4B-00C04F79EFBC}") = "TestIconColorXamarin.iOS", "TestIconColorXamarin.iOS\TestIconColorXamarin.iOS.csproj", "{85152933-0AB5-43FD-8426-4E5631F0499C}"
EndProject
Project("{FAE04EC0-301F-11D3-BF4B-00C04F79EFBC}") = "TestIconColorXamarin", "TestIconColorXamarin\TestIconColorXamarin.csproj", "{1E490ED6-6887-4489-B0E7-9693D35C8244}"
EndProject
Global
	GlobalSection(SolutionConfigurationPlatforms) = preSolution
		Debug|Any CPU = Debug|Any CPU
		Release|Any CPU = Release|Any CPU
		Debug|iPhoneSimulator = Debug|iPhoneSimulator
		Release|iPhoneSimulator = Release|iPhoneSimulator
		Debug|iPhone = Debug|iPhone
		Release|iPhone = Release|iPhone
	EndGlobalSection
	GlobalSection(ProjectConfigurationPlatforms) = postSolution
		{BC4760A3-3544-4410-80FD-0CC864285580}.Debug|Any CPU.ActiveCfg = Debug|Any CPU
		{BC4760A3-3544-4410-80FD-0CC864285580}.Debug|Any CPU.Build.0 = Debug|Any CPU
		{BC4760A3-3544-4410-80FD-0CC864285580}.Release|Any CPU.ActiveCfg = Release|Any CPU
		{BC4760A3-3544-4410-80FD-0CC864285580}.Release|Any CPU.Build.0 = Release|Any CPU
		{BC4760A3-3544-4410-80FD-0CC864285580}.Debug|iPhoneSimulator.ActiveCfg = Debug|Any CPU
		{BC4760A3-3544-4410-80FD-0CC864285580}.Debug|iPhoneSimulator.Build.0 = Debug|Any CPU
		{BC4760A3-3544-4410-80FD-0CC864285580}.Release|iPhoneSimulator.ActiveCfg = Release|Any CPU
		{BC4760A3-3544-4410-80FD-0CC864285580}.Release|iPhoneSimulator.Build.0 = Release|Any CPU
		{BC4760A3-3544-4410-80FD-0CC864285580}.Debug|iPhone.ActiveCfg = Debug|Any CPU
		{BC4760A3-3544-4410-80FD-0CC864285580}.Debug|iPhone.Build.0 = Debug|Any CPU
		{BC4760A3-3544-4410-80FD-0CC864285580}.Release|iPhone.ActiveCfg = Release|Any CPU
		{BC4760A3-3544-4410-80FD-0CC864285580}.Release|iPhone.Build.0 = Release|Any CPU
		{85152933-0AB5-43FD-8426-4E5631F0499C}.Debug|Any CPU.ActiveCfg = Debug|iPhoneSimulator
		{85152933-0AB5-43FD-8426-4E5631F0499C}.Debug|Any CPU.Build.0 = Debug|iPhoneSimulator
		{85152933-0AB5-43FD-8426-4E5631F0499C}.Release|Any CPU.ActiveCfg = Release|iPhoneSimulator
		{85152933-0AB5-43FD-8426-4E5631F0499C}.Release|Any CPU.Build.0 = Release|iPhoneSimulator
		{85152933-0AB5-43FD-8426-4E5631F0499C}.Debug|iPhoneSimulator.ActiveCfg = Debug|iPhoneSimulator
		{85152933-0AB5-43FD-8426-4E5631F0499C}.Debug|iPhoneSimulator.Build.0 = Debug|iPhoneSimulator
		{85152933-0AB5-43FD-8426-4E5631F0499C}.Release|iPhoneSimulator.ActiveCfg = Release|iPhoneSimulator
		{85152933-0AB5-43FD-8426-4E5631F0499C}.Release|iPhoneSimulator.Build.0 = Release|iPhoneSimulator
		{85152933-0AB5-43FD-8426-4E5631F0499C}.Debug|iPhone.ActiveCfg = Debug|iPhone
		{85152933-0AB5-43FD-8426-4E5631F0499C}.Debug|iPhone.Build.0 = Debug|iPhone
		{85152933-0AB5-43FD-8426-4E5631F0499C}.Release|iPhone.ActiveCfg = Release|iPhone
		{85152933-0AB5-43FD-8426-4E5631F0499C}.Release|iPhone.Build.0 = Release|iPhone
		{1E490ED6-6887-4489-B0E7-9693D35C8244}.Debug|Any CPU.ActiveCfg = Debug|Any CPU
		{1E490ED6-6887-4489-B0E7-9693D35C8244}.Debug|Any CPU.Build.0 = Debug|Any CPU
		{1E490ED6-6887-4489-B0E7-9693D35C8244}.Release|Any CPU.ActiveCfg = Release|Any CPU
		{1E490ED6-6887-4489-B0E7-9693D35C8244}.Release|Any CPU.Build.0 = Release|Any CPU
		{1E490ED6-6887-4489-B0E7-9693D35C8244}.Debug|iPhoneSimulator.ActiveCfg = Debug|Any CPU
		{1E490ED6-6887-4489-B0E7-9693D35C8244}.Debug|iPhoneSimulator.Build.0 = Debug|Any CPU
		{1E490ED6-6887-4489-B0E7-9693D35C8244}.Release|iPhoneSimulator.ActiveCfg = Release|Any CPU
		{1E490ED6-6887-4489-B0E7-9693D35C8244}.Release|iPhoneSimulator.Build.0 = Release|Any CPU
		{1E490ED6-6887-4489-B0E7-9693D35C8244}.Debug|iPhone.ActiveCfg = Debug|Any CPU
		{1E490ED6-6887-4489-B0E7-9693D35C8244}.Debug|iPhone.Build.0 = Debug|Any CPU
		{1E490ED6-6887-4489-B0E7-9693D35C8244}.Release|iPhone.ActiveCfg = Release|Any CPU
		{1E490ED6-6887-4489-B0E7-9693D35C8244}.Release|iPhone.Build.0 = Release|Any CPU
	EndGlobalSection
EndGlobal
